
Microsoft Visual Studio Solution File, Format Version 12.00
# Visual Studio Version 17
VisualStudioVersion = 17.14.36429.23
MinimumVisualStudioVersion = 10.0.40219.1
Project("{FAE04EC0-301F-11D3-BF4B-00C04F79EFBC}") = "R3E.YaHud", "R3E.YaHud\R3E.YaHud.csproj", "{D0C43249-242C-42B6-A907-56EAB49AA38B}"
EndProject
Project("{FAE04EC0-301F-11D3-BF4B-00C04F79EFBC}") = "R3E", "R3E\R3E.csproj", "{12ACE437-4DB2-44F8-8F46-EAEC6814EDF2}"
EndProject
Project("{FAE04EC0-301F-11D3-BF4B-00C04F79EFBC}") = "R3E.Relay", "R3E.Relay\R3E.Relay.csproj", "{F2EBCBE4-5508-4BD9-BAFA-533886F30697}"
EndProject
Global
	GlobalSection(SolutionConfigurationPlatforms) = preSolution
		Debug|Any CPU = Debug|Any CPU
		Release|Any CPU = Release|Any CPU
	EndGlobalSection
	GlobalSection(ProjectConfigurationPlatforms) = postSolution
		{D0C43249-242C-42B6-A907-56EAB49AA38B}.Debug|Any CPU.ActiveCfg = Debug|Any CPU
		{D0C43249-242C-42B6-A907-56EAB49AA38B}.Debug|Any CPU.Build.0 = Debug|Any CPU
		{D0C43249-242C-42B6-A907-56EAB49AA38B}.Release|Any CPU.ActiveCfg = Release|Any CPU
		{D0C43249-242C-42B6-A907-56EAB49AA38B}.Release|Any CPU.Build.0 = Release|Any CPU
		{12ACE437-4DB2-44F8-8F46-EAEC6814EDF2}.Debug|Any CPU.ActiveCfg = Debug|Any CPU
		{12ACE437-4DB2-44F8-8F46-EAEC6814EDF2}.Debug|Any CPU.Build.0 = Debug|Any CPU
		{12ACE437-4DB2-44F8-8F46-EAEC6814EDF2}.Release|Any CPU.ActiveCfg = Release|Any CPU
		{12ACE437-4DB2-44F8-8F46-EAEC6814EDF2}.Release|Any CPU.Build.0 = Release|Any CPU
		{F2EBCBE4-5508-4BD9-BAFA-533886F30697}.Debug|Any CPU.ActiveCfg = Debug|Any CPU
		{F2EBCBE4-5508-4BD9-BAFA-533886F30697}.Debug|Any CPU.Build.0 = Debug|Any CPU
		{F2EBCBE4-5508-4BD9-BAFA-533886F30697}.Release|Any CPU.ActiveCfg = Release|Any CPU
		{F2EBCBE4-5508-4BD9-BAFA-533886F30697}.Release|Any CPU.Build.0 = Release|Any CPU
	EndGlobalSection
	GlobalSection(SolutionProperties) = preSolution
		HideSolutionNode = FALSE
	EndGlobalSection
	GlobalSection(ExtensibilityGlobals) = postSolution
		SolutionGuid = {E61C2AD4-A050-494A-BE0E-9C8D8728AAEB}
	EndGlobalSection
EndGlobal
